
Microsoft Visual Studio Solution File, Format Version 12.00
# Visual Studio Version 17
VisualStudioVersion = 17.0.32014.148
MinimumVisualStudioVersion = 10.0.40219.1
Project("{9A19103F-16F7-4668-BE54-9A1E7A4F7556}") = "DevIO.Business", "src\DevIO.Business\DevIO.Business.csproj", "{6A722095-4856-4E38-AB17-3DFFAAA4B6CA}"
EndProject
Project("{9A19103F-16F7-4668-BE54-9A1E7A4F7556}") = "DevIO.Data", "src\DevIO.Data\DevIO.Data.csproj", "{01C14E26-64AA-4AA4-B172-36ED6BDD7BE9}"
EndProject
Project("{FAE04EC0-301F-11D3-BF4B-00C04F79EFBC}") = "DevIO.Api", "src\DevIO.Api\DevIO.Api.csproj", "{C0AA4EDD-26DC-41C8-A1ED-12A0ED19AAEF}"
EndProject
Global
	GlobalSection(SolutionConfigurationPlatforms) = preSolution
		Debug|Any CPU = Debug|Any CPU
		Release|Any CPU = Release|Any CPU
	EndGlobalSection
	GlobalSection(ProjectConfigurationPlatforms) = postSolution
		{6A722095-4856-4E38-AB17-3DFFAAA4B6CA}.Debug|Any CPU.ActiveCfg = Debug|Any CPU
		{6A722095-4856-4E38-AB17-3DFFAAA4B6CA}.Debug|Any CPU.Build.0 = Debug|Any CPU
		{6A722095-4856-4E38-AB17-3DFFAAA4B6CA}.Release|Any CPU.ActiveCfg = Release|Any CPU
		{6A722095-4856-4E38-AB17-3DFFAAA4B6CA}.Release|Any CPU.Build.0 = Release|Any CPU
		{01C14E26-64AA-4AA4-B172-36ED6BDD7BE9}.Debug|Any CPU.ActiveCfg = Debug|Any CPU
		{01C14E26-64AA-4AA4-B172-36ED6BDD7BE9}.Debug|Any CPU.Build.0 = Debug|Any CPU
		{01C14E26-64AA-4AA4-B172-36ED6BDD7BE9}.Release|Any CPU.ActiveCfg = Release|Any CPU
		{01C14E26-64AA-4AA4-B172-36ED6BDD7BE9}.Release|Any CPU.Build.0 = Release|Any CPU
		{C0AA4EDD-26DC-41C8-A1ED-12A0ED19AAEF}.Debug|Any CPU.ActiveCfg = Debug|Any CPU
		{C0AA4EDD-26DC-41C8-A1ED-12A0ED19AAEF}.Debug|Any CPU.Build.0 = Debug|Any CPU
		{C0AA4EDD-26DC-41C8-A1ED-12A0ED19AAEF}.Release|Any CPU.ActiveCfg = Release|Any CPU
		{C0AA4EDD-26DC-41C8-A1ED-12A0ED19AAEF}.Release|Any CPU.Build.0 = Release|Any CPU
	EndGlobalSection
	GlobalSection(SolutionProperties) = preSolution
		HideSolutionNode = FALSE
	EndGlobalSection
	GlobalSection(ExtensibilityGlobals) = postSolution
		SolutionGuid = {6A7FEC06-DB3B-42B6-9C40-A534E12494BC}
	EndGlobalSection
EndGlobal
